{
  "requires": true,
  "lockfileVersion": 1,
  "dependencies": {
    "@intlify/core-base": {
      "version": "9.2.0-beta.12",
      "resolved": "https://registry.npmjs.org/@intlify/core-base/-/core-base-9.2.0-beta.12.tgz",
      "integrity": "sha512-9VAthuO16cwu6CP44BCWrKzJU3eNJjqLkWpgKIu431SHDLE0dM2Fme4uQD/rJbeVrYWv6KuYzfxpG/9Xj7ic/A==",
      "requires": {
        "@intlify/devtools-if": "9.2.0-beta.12",
        "@intlify/message-compiler": "9.2.0-beta.12",
        "@intlify/shared": "9.2.0-beta.12",
        "@intlify/vue-devtools": "9.2.0-beta.12"
      }
    },
    "@intlify/devtools-if": {
      "version": "9.2.0-beta.12",
      "resolved": "https://registry.npmjs.org/@intlify/devtools-if/-/devtools-if-9.2.0-beta.12.tgz",
      "integrity": "sha512-WJeiYSaZlbttojLAzSeq3XKXOmYp3hxMV6ys5cNQuDRQZR0eDgCmfXKDViSr6yJuk0pYGlrbQK5Zg2OpSnzWAw==",
      "requires": {
        "@intlify/shared": "9.2.0-beta.12"
      }
    },
    "@intlify/message-compiler": {
      "version": "9.2.0-beta.12",
      "resolved": "https://registry.npmjs.org/@intlify/message-compiler/-/message-compiler-9.2.0-beta.12.tgz",
      "integrity": "sha512-BnYgJ9fI8uqZmOaLbV+iggvsgiC9TwI/rGiRgwa8G2uLsML948n6kSlpqu07hRF5E3qbKJxV2XyplIwoNHdCoA==",
      "requires": {
        "@intlify/shared": "9.2.0-beta.12",
        "source-map": "0.6.1"
      }
    },
    "@intlify/shared": {
      "version": "9.2.0-beta.12",
      "resolved": "https://registry.npmjs.org/@intlify/shared/-/shared-9.2.0-beta.12.tgz",
      "integrity": "sha512-vFtQAFmWgWahag+KGyjg/vQRLqHXLZgRbOWZjHyuXvy7rool4kMmdXW1VC1VkqEMzdKENynsH/Yq7IrZHZcy7g=="
    },
    "@intlify/vue-devtools": {
      "version": "9.2.0-beta.12",
      "resolved": "https://registry.npmjs.org/@intlify/vue-devtools/-/vue-devtools-9.2.0-beta.12.tgz",
      "integrity": "sha512-WXVOMXFmjAw6BmrpOpQaHYUO0BO1u3Mu7hw1aMiXyZVpmP4Ab9VcJqVv0AvJMFlqyYARPxjNA6yWOAf2Dzz0vQ==",
      "requires": {
        "@intlify/core-base": "9.2.0-beta.12",
        "@intlify/shared": "9.2.0-beta.12"
      }
    },
    "@vue/devtools-api": {
      "version": "6.0.0-beta.19",
      "resolved": "https://registry.npmjs.org/@vue/devtools-api/-/devtools-api-6.0.0-beta.19.tgz",
      "integrity": "sha512-ObzQhgkoVeoyKv+e8+tB/jQBL2smtk/NmC9OmFK8UqdDpoOdv/Kf9pyDWL+IFyM7qLD2C75rszJujvGSPSpGlw=="
    },
    "source-map": {
      "version": "0.6.1",
      "resolved": "https://registry.npmjs.org/source-map/-/source-map-0.6.1.tgz",
      "integrity": "sha512-UjgapumWlbMhkBgzT7Ykc5YXUT46F0iKu8SGXq0bcwP5dz/h0Plj6enJqjz1Zbq2l5WaqYnrVbwWOWMyF3F47g=="
    },
    "vue-i18n": {
      "version": "9.2.0-beta.12",
      "resolved": "https://registry.npmjs.org/vue-i18n/-/vue-i18n-9.2.0-beta.12.tgz",
      "integrity": "sha512-YbEcJJ+3Qc6KZs/WjY1hvfJ+JpLskp5mXmNWxI4fHdwLZ+Uuy5s2f9J7FtxS1s6mlUyFbA9bTH7SFw1w6Pas8w==",
      "requires": {
        "@intlify/core-base": "9.2.0-beta.12",
        "@intlify/shared": "9.2.0-beta.12",
        "@intlify/vue-devtools": "9.2.0-beta.12",
        "@vue/devtools-api": "^6.0.0-beta.13"
      }
    }
  }
}
